
Microsoft Visual Studio Solution File, Format Version 12.00
# Visual Studio 15
VisualStudioVersion = 15.0.27130.2024
MinimumVisualStudioVersion = 10.0.40219.1
Project("{8BC9CEB8-8B4A-11D0-8D11-00A0C91BC942}") = "PhotogrammetrySpaceResection", "PhotogrammetrySpaceResection\PhotogrammetrySpaceResection.vcxproj", "{E335E2E8-E266-4CF9-84D9-21F293155572}"
EndProject
Global
	GlobalSection(SolutionConfigurationPlatforms) = preSolution
		Debug|x64 = Debug|x64
		Debug|x86 = Debug|x86
		Release|x64 = Release|x64
		Release|x86 = Release|x86
	EndGlobalSection
	GlobalSection(ProjectConfigurationPlatforms) = postSolution
		{E335E2E8-E266-4CF9-84D9-21F293155572}.Debug|x64.ActiveCfg = Debug|x64
		{E335E2E8-E266-4CF9-84D9-21F293155572}.Debug|x64.Build.0 = Debug|x64
		{E335E2E8-E266-4CF9-84D9-21F293155572}.Debug|x86.ActiveCfg = Debug|Win32
		{E335E2E8-E266-4CF9-84D9-21F293155572}.Debug|x86.Build.0 = Debug|Win32
		{E335E2E8-E266-4CF9-84D9-21F293155572}.Release|x64.ActiveCfg = Release|x64
		{E335E2E8-E266-4CF9-84D9-21F293155572}.Release|x64.Build.0 = Release|x64
		{E335E2E8-E266-4CF9-84D9-21F293155572}.Release|x86.ActiveCfg = Release|Win32
		{E335E2E8-E266-4CF9-84D9-21F293155572}.Release|x86.Build.0 = Release|Win32
	EndGlobalSection
	GlobalSection(SolutionProperties) = preSolution
		HideSolutionNode = FALSE
	EndGlobalSection
	GlobalSection(ExtensibilityGlobals) = postSolution
		SolutionGuid = {2DA8BF3A-CDAC-4E69-9E99-A25E8C7149D0}
	EndGlobalSection
EndGlobal
